<?xml version='1.0' encoding='utf-8'?>
<Project xmlns="http://schemas.microsoft.com/developer/msbuild/2003" ToolsVersion="4.0">
  <ItemGroup>
    <Filter Include="Source Files">
      <UniqueIdentifier>{4FC737F1-C7A5-4376-A066-2A32D752A2FF}</UniqueIdentifier>
      <Extensions>cpp;c;cc;cxx;c++;cppm;ixx;def;odl;idl;hpj;bat;asm;asmx</Extensions>
    </Filter>
    <Filter Include="Header Files">
      <UniqueIdentifier>{93995380-89BD-4b04-88EB-625FBE52EBFB}</UniqueIdentifier>
      <Extensions>h;hh;hpp;hxx;h++;hm;inl;inc;ipp;xsd</Extensions>
    </Filter>
    <Filter Include="Resource Files">
      <UniqueIdentifier>{67DA6AB6-F800-4c08-8B7A-83BB121AAD01}</UniqueIdentifier>
      <Extensions>rc;ico;cur;bmp;dlg;rc2;rct;bin;rgs;gif;jpg;jpeg;jpe;resx;tiff;tif;png;wav;mfcribbon-ms</Extensions>
    </Filter>
  </ItemGroup>
  <ItemGroup>
    <ResourceCompile Include="app.rc">
      <Filter>Resource Files</Filter>
    </ResourceCompile>
  </ItemGroup>
  <ItemGroup>
    <ClInclude Include="Resource.h">
      <Filter>Header Files</Filter>
    </ClInclude>
    <ClInclude Include="pch.h">
      <Filter>Header Files</Filter>
    </ClInclude>
    <ClInclude Include="Form1.h">
      <Filter>Header Files</Filter>
    </ClInclude>
    <ClInclude Include="Domini\Usuari.hxx">
      <Filter>Header Files</Filter>
    </ClInclude>
    <ClInclude Include="Domini\Administrador.hxx">
      <Filter>Header Files</Filter>
    </ClInclude>
    <ClInclude Include="Domini\Capita.hxx">
      <Filter>Header Files</Filter>
    </ClInclude>
    <ClInclude Include="Domini\Estudiant.hxx">
      <Filter>Header Files</Filter>
    </ClInclude>
    <ClInclude Include="Dades\PassarellaUsuari.hxx">
      <Filter>Header Files</Filter>
    </ClInclude>
    <ClInclude Include="Dades\ConnexioBD.hxx">
      <Filter>Header Files</Filter>
    </ClInclude>
    <ClInclude Include="Domini\CtrlIniciSessio.hxx">
      <Filter>Header Files</Filter>
    </ClInclude>
    <ClInclude Include="Domini\CtrlRegistrarUsuari.hxx">
      <Filter>Header Files</Filter>
    </ClInclude>
    <ClInclude Include="Domini\CtrlTancarSessio.hxx">
      <Filter>Header Files</Filter>
    </ClInclude>
    <ClInclude Include="Domini\Disciplina.hxx">
      <Filter>Header Files</Filter>
    </ClInclude>
    <ClInclude Include="Domini\Lliga.hxx">
      <Filter>Header Files</Filter>
    </ClInclude>
    <ClInclude Include="Domini\Equip.hxx">
      <Filter>Header Files</Filter>
    </ClInclude>
    <ClInclude Include="Domini\Jugador.hxx">
      <Filter>Header Files</Filter>
    </ClInclude>
    <ClInclude Include="Domini\Temporada.hxx">
      <Filter>Header Files</Filter>
    </ClInclude>
    <ClInclude Include="Domini\Jornada.hxx">
      <Filter>Header Files</Filter>
    </ClInclude>
    <ClInclude Include="Domini\Partit.hxx">
      <Filter>Header Files</Filter>
    </ClInclude>
    <ClInclude Include="Dades\PassarellaLliga.hxx">
      <Filter>Header Files</Filter>
    </ClInclude>
    <ClInclude Include="Domini\CtrlCrearLliga.hxx">
      <Filter>Header Files</Filter>
    </ClInclude>
    <ClInclude Include="Dades\PassarellaPartit.hxx">
      <Filter>Header Files</Filter>
    </ClInclude>
    <ClInclude Include="Domini\CtrlCrearPartit.hxx">
      <Filter>Header Files</Filter>
    </ClInclude>
    <ClInclude Include="Dades\PassarellaEquip.hxx">
      <Filter>Header Files</Filter>
    </ClInclude>
    <ClInclude Include="Domini\CtrlEnregistrarEquip.hxx">
      <Filter>Header Files</Filter>
    </ClInclude>
    <ClInclude Include="Domini\CtrlUnirEquipLliga.hxx">
      <Filter>Header Files</Filter>
    </ClInclude>
    <ClInclude Include="Dades\PassarellaTemporada.hxx">
      <Filter>Header Files</Filter>
    </ClInclude>
    <ClInclude Include="Domini\CtrlCrearTemporada.hxx">
      <Filter>Header Files</Filter>
    </ClInclude>
    <ClInclude Include="Domini\CtrlCrearJornada.hxx">
      <Filter>Header Files</Filter>
    </ClInclude>
    <ClInclude Include="Dades\PassarellaJornada.hxx">
      <Filter>Header Files</Filter>
    </ClInclude>
    <ClInclude Include="Domini\CtrlEsborrarEquip.hxx">
      <Filter>Header Files</Filter>
    </ClInclude>
    <ClInclude Include="Dades\CercadoraJornada.hxx">
      <Filter>Header Files</Filter>
    </ClInclude>
    <ClInclude Include="Dades\CercadoraPartit.hxx">
      <Filter>Header Files</Filter>
    </ClInclude>
    <ClInclude Include="Dades\CercadoraUsuari.hxx">
      <Filter>Header Files</Filter>
    </ClInclude>
    <ClInclude Include="Domini\CtrlEditarPartit.hxx">
      <Filter>Header Files</Filter>
    </ClInclude>
    <ClInclude Include="Dades\PassarellaJugador.hxx">
      <Filter>Header Files</Filter>
    </ClInclude>
    <ClInclude Include="Dades\CercadoraJugador.hxx">
      <Filter>Header Files</Filter>
    </ClInclude>
    <ClInclude Include="Domini\CtrlAfegirJugador.hxx">
      <Filter>Header Files</Filter>
    </ClInclude>
    <ClInclude Include="Domini\CtrlAssignarJugador.hxx">
      <Filter>Header Files</Filter>
    </ClInclude>
    <ClInclude Include="Domini\CtrlConsultes.hxx">
      <Filter>Header Files</Filter>
    </ClInclude>
    <ClInclude Include="Domini\CtrlVeurePlantilla.hxx">
      <Filter>Header Files</Filter>
    </ClInclude>
    <ClInclude Include="Domini\CtrlEliminarJugador.hxx">
      <Filter>Header Files</Filter>
    </ClInclude>
    <ClInclude Include="Dades\CercadoraTemporada.hxx">
      <Filter>Header Files</Filter>
    </ClInclude>
    <ClInclude Include="Domini\CtrlEsborrarPartit.hxx">
      <Filter>Header Files</Filter>
    </ClInclude>
    <ClInclude Include="Domini\CtrlVeureEstadistiquesLliga.hxx">
      <Filter>Header Files</Filter>
    </ClInclude>
    <ClInclude Include="Domini\CtrlVeureEstadistiquesEquip.hxx">
      <Filter>Header Files</Filter>
    </ClInclude>
    <ClInclude Include="Domini\CtrlRetirarTemporada.hxx">
      <Filter>Header Files</Filter>
    </ClInclude>
    <ClInclude Include="Dades\CercadoraLliga.hxx">
      <Filter>Header Files</Filter>
    </ClInclude>
    <ClInclude Include="Domini\CtlrConvocarJugadors.hxx">
      <Filter>Header Files</Filter>
    </ClInclude>
    <ClInclude Include="Domini\CtrlEditarJugador.hxx">
      <Filter>Header Files</Filter>
    </ClInclude>
  <ClInclude Include="Form1Designer.h"><Filter>Header Files</Filter></ClInclude><ClInclude Include="Form1Layout.h"><Filter>Header Files</Filter></ClInclude><ClInclude Include="Form1Auth.h"><Filter>Header Files</Filter></ClInclude><ClInclude Include="Form1Consultes.h"><Filter>Header Files</Filter></ClInclude><ClInclude Include="Form1Lligues.h"><Filter>Header Files</Filter></ClInclude><ClInclude Include="Form1TemporadesJornades.h"><Filter>Header Files</Filter></ClInclude><ClInclude Include="Form1Partits.h"><Filter>Header Files</Filter></ClInclude><ClInclude Include="Form1Equips.h"><Filter>Header Files</Filter></ClInclude><ClInclude Include="Form1Estadistiques.h"><Filter>Header Files</Filter></ClInclude><ClInclude Include="Form1Convocatoria.h"><Filter>Header Files</Filter></ClInclude></ItemGroup>
  <ItemGroup>
    <ClCompile Include="CppCLR_WinFormsProject.cpp">
      <Filter>Source Files</Filter>
    </ClCompile>
    <ClCompile Include="AssemblyInfo.cpp">
      <Filter>Source Files</Filter>
    </ClCompile>
    <ClCompile Include="pch.cpp">
      <Filter>Source Files</Filter>
    </ClCompile>
    <ClCompile Include="Domini\Usuari.cxx">
      <Filter>Source Files</Filter>
    </ClCompile>
    <ClCompile Include="Domini\Administrador.cxx">
      <Filter>Source Files</Filter>
    </ClCompile>
    <ClCompile Include="Domini\Capita.cxx">
      <Filter>Source Files</Filter>
    </ClCompile>
    <ClCompile Include="Domini\Estudiant.cxx">
      <Filter>Source Files</Filter>
    </ClCompile>
    <ClCompile Include="Dades\PassarellaUsuari.cxx">
      <Filter>Source Files</Filter>
    </ClCompile>
    <ClCompile Include="Dades\ConnexioBD.cxx">
      <Filter>Source Files</Filter>
    </ClCompile>
    <ClCompile Include="Domini\CtrlIniciSessio.cxx">
      <Filter>Source Files</Filter>
    </ClCompile>
    <ClCompile Include="Domini\CtrlRegistrarUsuari.cxx">
      <Filter>Source Files</Filter>
    </ClCompile>
    <ClCompile Include="Domini\CtrlTancarSessio.cxx">
      <Filter>Source Files</Filter>
    </ClCompile>
    <ClCompile Include="Domini\Lliga.cxx">
      <Filter>Source Files</Filter>
    </ClCompile>
    <ClCompile Include="Domini\Equip.cxx">
      <Filter>Source Files</Filter>
    </ClCompile>
    <ClCompile Include="Domini\Jugador.cxx">
      <Filter>Source Files</Filter>
    </ClCompile>
    <ClCompile Include="Domini\Temporada.cxx">
      <Filter>Source Files</Filter>
    </ClCompile>
    <ClCompile Include="Domini\Jornada.cxx">
      <Filter>Source Files</Filter>
    </ClCompile>
    <ClCompile Include="Domini\Partit.cxx">
      <Filter>Source Files</Filter>
    </ClCompile>
    <ClCompile Include="Dades\PassarellaLliga.cxx">
      <Filter>Source Files</Filter>
    </ClCompile>
    <ClCompile Include="Domini\CtrlCrearLliga.cxx">
      <Filter>Source Files</Filter>
    </ClCompile>
    <ClCompile Include="Dades\PassarellaPartit.cxx">
      <Filter>Source Files</Filter>
    </ClCompile>
    <ClCompile Include="Domini\CtrlCrearPartit.cxx">
      <Filter>Source Files</Filter>
    </ClCompile>
    <ClCompile Include="Dades\PassarellaEquip.cxx">
      <Filter>Source Files</Filter>
    </ClCompile>
    <ClCompile Include="Domini\CtrlEnregistrarEquip.cxx">
      <Filter>Source Files</Filter>
    </ClCompile>
    <ClCompile Include="Domini\CtrlUnirEquipLliga.cxx">
      <Filter>Source Files</Filter>
    </ClCompile>
    <ClCompile Include="Dades\PassarellaTemporada.cxx">
      <Filter>Source Files</Filter>
    </ClCompile>
    <ClCompile Include="Domini\CtrlCrearTemporada.cxx">
      <Filter>Source Files</Filter>
    </ClCompile>
    <ClCompile Include="Domini\CtrlCrearJornada.cxx">
      <Filter>Source Files</Filter>
    </ClCompile>
    <ClCompile Include="Dades\PassarellaJornada.cxx">
      <Filter>Source Files</Filter>
    </ClCompile>
    <ClCompile Include="Domini\CtrlEsborrarEquip.cxx">
      <Filter>Source Files</Filter>
    </ClCompile>
    <ClCompile Include="Dades\CercadoraJornada.cxx">
      <Filter>Source Files</Filter>
    </ClCompile>
    <ClCompile Include="Dades\CercadoraPartit.cxx">
      <Filter>Source Files</Filter>
    </ClCompile>
    <ClCompile Include="Dades\CercadoraUsuari.cxx">
      <Filter>Source Files</Filter>
    </ClCompile>
    <ClCompile Include="Domini\CtrlEditarPartit.cxx">
      <Filter>Source Files</Filter>
    </ClCompile>
    <ClCompile Include="Dades\PassarellaJugador.cxx">
      <Filter>Source Files</Filter>
    </ClCompile>
    <ClCompile Include="Dades\CercadoraJugador.cxx">
      <Filter>Source Files</Filter>
    </ClCompile>
    <ClCompile Include="Domini\CtrlAfegirJugador.cxx">
      <Filter>Source Files</Filter>
    </ClCompile>
    <ClCompile Include="Domini\CtrlAssignarJugador.cxx">
      <Filter>Source Files</Filter>
    </ClCompile>
    <ClCompile Include="Domini\CtrlConsultes.cxx">
      <Filter>Source Files</Filter>
    </ClCompile>
    <ClCompile Include="Domini\CtrlVeurePlantilla.cxx">
      <Filter>Source Files</Filter>
    </ClCompile>
    <ClCompile Include="Domini\CtrlEliminarJugador.cxx">
      <Filter>Source Files</Filter>
    </ClCompile>
    <ClCompile Include="Dades\CercadoraTemporada.cxx">
      <Filter>Source Files</Filter>
    </ClCompile>
    <ClCompile Include="Domini\CtrlEsborrarPartit.cxx">
      <Filter>Source Files</Filter>
    </ClCompile>
    <ClCompile Include="Domini\CtrlVeureEstadistiquesLliga.cxx">
      <Filter>Source Files</Filter>
    </ClCompile>
    <ClCompile Include="Domini\CtrlVeureEstadistiquesEquip.cxx">
      <Filter>Source Files</Filter>
    </ClCompile>
    <ClCompile Include="Domini\CtrlRetirarTemporada.cxx">
      <Filter>Source Files</Filter>
    </ClCompile>
    <ClCompile Include="Dades\CercadoraLliga.cxx">
      <Filter>Source Files</Filter>
    </ClCompile>
    <ClCompile Include="Domini\CtlrConvocarJugadors.cxx">
      <Filter>Source Files</Filter>
    </ClCompile>
    <ClCompile Include="Domini\CtrlVeureEstadistiquesLliga.cxx">
      <Filter>Source Files</Filter>
    </ClCompile>
    <ClCompile Include="Domini\CtrlEditarJugador.cxx">
      <Filter>Source Files</Filter>
    </ClCompile>
  <ClCompile Include="Form1.cpp"><Filter>Source Files</Filter></ClCompile><ClCompile Include="Form1Designer.cpp"><Filter>Source Files</Filter></ClCompile><ClCompile Include="Form1Layout.cpp"><Filter>Source Files</Filter></ClCompile><ClCompile Include="Form1Auth.cpp"><Filter>Source Files</Filter></ClCompile><ClCompile Include="Form1Consultes.cpp"><Filter>Source Files</Filter></ClCompile><ClCompile Include="Form1Lligues.cpp"><Filter>Source Files</Filter></ClCompile><ClCompile Include="Form1TemporadesJornades.cpp"><Filter>Source Files</Filter></ClCompile><ClCompile Include="Form1Partits.cpp"><Filter>Source Files</Filter></ClCompile><ClCompile Include="Form1Equips.cpp"><Filter>Source Files</Filter></ClCompile><ClCompile Include="Form1Estadistiques.cpp"><Filter>Source Files</Filter></ClCompile><ClCompile Include="Form1Convocatoria.cpp"><Filter>Source Files</Filter></ClCompile></ItemGroup>
  <ItemGroup>
    <Image Include="app.ico">
      <Filter>Resource Files</Filter>
    </Image>
  </ItemGroup>
  <ItemGroup>
    <None Include="schemajugador.sql" />
    <None Include="schema_assignacio_jugador_partit.sql" />
    <None Include="schema_partit_estadistica_individual.sql" />
  </ItemGroup>
</Project>